
Microsoft Visual Studio Solution File, Format Version 12.00
# Visual Studio Version 17
VisualStudioVersion = 17.8.34511.84
MinimumVisualStudioVersion = 10.0.40219.1
Project("{9A19103F-16F7-4668-BE54-9A1E7A4F7556}") = "StringCalculator", "StringCalculator\StringCalculator.csproj", "{BB4F42AB-BFAC-48BC-806B-B71B0EE82C83}"
EndProject
Project("{FAE04EC0-301F-11D3-BF4B-00C04F79EFBC}") = "StringCalculator.Tests", "StringCalculator.Tests\StringCalculator.Tests.csproj", "{B8B05EBA-8344-433A-A65B-B7591286E655}"
EndProject
Global
	GlobalSection(SolutionConfigurationPlatforms) = preSolution
		Debug|Any CPU = Debug|Any CPU
		Release|Any CPU = Release|Any CPU
	EndGlobalSection
	GlobalSection(ProjectConfigurationPlatforms) = postSolution
		{BB4F42AB-BFAC-48BC-806B-B71B0EE82C83}.Debug|Any CPU.ActiveCfg = Debug|Any CPU
		{BB4F42AB-BFAC-48BC-806B-B71B0EE82C83}.Debug|Any CPU.Build.0 = Debug|Any CPU
		{BB4F42AB-BFAC-48BC-806B-B71B0EE82C83}.Release|Any CPU.ActiveCfg = Release|Any CPU
		{BB4F42AB-BFAC-48BC-806B-B71B0EE82C83}.Release|Any CPU.Build.0 = Release|Any CPU
		{B8B05EBA-8344-433A-A65B-B7591286E655}.Debug|Any CPU.ActiveCfg = Debug|Any CPU
		{B8B05EBA-8344-433A-A65B-B7591286E655}.Debug|Any CPU.Build.0 = Debug|Any CPU
		{B8B05EBA-8344-433A-A65B-B7591286E655}.Release|Any CPU.ActiveCfg = Release|Any CPU
		{B8B05EBA-8344-433A-A65B-B7591286E655}.Release|Any CPU.Build.0 = Release|Any CPU
	EndGlobalSection
	GlobalSection(SolutionProperties) = preSolution
		HideSolutionNode = FALSE
	EndGlobalSection
	GlobalSection(ExtensibilityGlobals) = postSolution
		SolutionGuid = {360362AC-A75E-48D0-9883-EEC0F724A5A0}
	EndGlobalSection
EndGlobal
